{
  "name": "sdk",
  "lockfileVersion": 3,
  "requires": true,
  "packages": {
    "": {
      "dependencies": {
        "@insightcore/sdk": "file:.."
      }
    },
    "..": {
      "name": "@insightcore/sdk",
      "version": "0.1.0",
      "license": "MIT",
      "devDependencies": {
        "esbuild": "^0.23.0",
        "typescript": "^5.5.3"
      }
    },
    "node_modules/@insightcore/sdk": {
      "resolved": "..",
      "link": true
    }
  }
}
